
Microsoft Visual Studio Solution File, Format Version 12.00
# Visual Studio Version 17
VisualStudioVersion = 17.7.34024.191
MinimumVisualStudioVersion = 10.0.40219.1
Project("{9A19103F-16F7-4668-BE54-9A1E7A4F7556}") = "interface-SAP-ver2", "interface-SAP-ver2.csproj", "{201A90AD-6F8D-446A-8714-9F0522ECEF86}"
EndProject
Global
	GlobalSection(SolutionConfigurationPlatforms) = preSolution
		Debug|Any CPU = Debug|Any CPU
		Release|Any CPU = Release|Any CPU
	EndGlobalSection
	GlobalSection(ProjectConfigurationPlatforms) = postSolution
		{201A90AD-6F8D-446A-8714-9F0522ECEF86}.Debug|Any CPU.ActiveCfg = Debug|Any CPU
		{201A90AD-6F8D-446A-8714-9F0522ECEF86}.Debug|Any CPU.Build.0 = Debug|Any CPU
		{201A90AD-6F8D-446A-8714-9F0522ECEF86}.Release|Any CPU.ActiveCfg = Release|Any CPU
		{201A90AD-6F8D-446A-8714-9F0522ECEF86}.Release|Any CPU.Build.0 = Release|Any CPU
	EndGlobalSection
	GlobalSection(SolutionProperties) = preSolution
		HideSolutionNode = FALSE
	EndGlobalSection
	GlobalSection(ExtensibilityGlobals) = postSolution
		SolutionGuid = {5A40E2EE-587C-42F3-82E0-61D67B300C1D}
	EndGlobalSection
EndGlobal
